
Microsoft Visual Studio Solution File, Format Version 12.00
# Visual Studio 15
VisualStudioVersion = 15.0.26730.10
MinimumVisualStudioVersion = 10.0.40219.1
Project("{FAE04EC0-301F-11D3-BF4B-00C04F79EFBC}") = "SmartInterviewsBatch-6", "SmartInterviewsBatch-6\SmartInterviewsBatch-6.csproj", "{91D0ACEB-6180-4C7D-92F1-7BF518DFA944}"
EndProject
Project("{FAE04EC0-301F-11D3-BF4B-00C04F79EFBC}") = "Runner", "Runner\Runner.csproj", "{924607EB-ACBF-4416-A5DA-BAFD65F3F00D}"
EndProject
Project("{FAE04EC0-301F-11D3-BF4B-00C04F79EFBC}") = "Hackerearth", "Hackerearth\Hackerearth.csproj", "{532F892B-3FFB-486A-A86A-87FA1F51797F}"
EndProject
Project("{FAE04EC0-301F-11D3-BF4B-00C04F79EFBC}") = "Codeforces", "Codeforces\Codeforces.csproj", "{B3660A4D-2433-4A5C-A336-10840661B315}"
EndProject
Project("{FAE04EC0-301F-11D3-BF4B-00C04F79EFBC}") = "InterviewBit", "InterviewBit\InterviewBit.csproj", "{405A32C7-77CA-42BF-8039-CE5866BEA801}"
EndProject
Project("{FAE04EC0-301F-11D3-BF4B-00C04F79EFBC}") = "Datastructures", "Datastructures\Datastructures.csproj", "{E84F9F9B-5296-4D5E-AEF1-0F919E447025}"
EndProject
Project("{FAE04EC0-301F-11D3-BF4B-00C04F79EFBC}") = "Hackerank", "Hackerank\Hackerank.csproj", "{D10C15F6-7C63-4BCD-8C83-F12D59B1762C}"
EndProject
Project("{FAE04EC0-301F-11D3-BF4B-00C04F79EFBC}") = "Codechef", "Codechef\Codechef.csproj", "{153125A7-A733-44BC-AA5C-501C7A44F870}"
EndProject
Project("{FAE04EC0-301F-11D3-BF4B-00C04F79EFBC}") = "A20J", "A20J\A20J.csproj", "{AF9D49FD-FB44-461C-AC92-069F53FFA871}"
EndProject
Project("{FAE04EC0-301F-11D3-BF4B-00C04F79EFBC}") = "Techgig", "Techgig\Techgig.csproj", "{4EE6F140-E689-449E-8418-B52217ADE529}"
EndProject
Project("{FAE04EC0-301F-11D3-BF4B-00C04F79EFBC}") = "GeekForGeeks", "GeekForGeeks\GeekForGeeks.csproj", "{7747D9E4-B9E0-4D41-9807-F4278AC60FFF}"
EndProject
Global
	GlobalSection(SolutionConfigurationPlatforms) = preSolution
		Debug|Any CPU = Debug|Any CPU
		Release|Any CPU = Release|Any CPU
	EndGlobalSection
	GlobalSection(ProjectConfigurationPlatforms) = postSolution
		{91D0ACEB-6180-4C7D-92F1-7BF518DFA944}.Debug|Any CPU.ActiveCfg = Debug|Any CPU
		{91D0ACEB-6180-4C7D-92F1-7BF518DFA944}.Debug|Any CPU.Build.0 = Debug|Any CPU
		{91D0ACEB-6180-4C7D-92F1-7BF518DFA944}.Release|Any CPU.ActiveCfg = Release|Any CPU
		{91D0ACEB-6180-4C7D-92F1-7BF518DFA944}.Release|Any CPU.Build.0 = Release|Any CPU
		{924607EB-ACBF-4416-A5DA-BAFD65F3F00D}.Debug|Any CPU.ActiveCfg = Debug|Any CPU
		{924607EB-ACBF-4416-A5DA-BAFD65F3F00D}.Debug|Any CPU.Build.0 = Debug|Any CPU
		{924607EB-ACBF-4416-A5DA-BAFD65F3F00D}.Release|Any CPU.ActiveCfg = Release|Any CPU
		{924607EB-ACBF-4416-A5DA-BAFD65F3F00D}.Release|Any CPU.Build.0 = Release|Any CPU
		{532F892B-3FFB-486A-A86A-87FA1F51797F}.Debug|Any CPU.ActiveCfg = Debug|Any CPU
		{532F892B-3FFB-486A-A86A-87FA1F51797F}.Debug|Any CPU.Build.0 = Debug|Any CPU
		{532F892B-3FFB-486A-A86A-87FA1F51797F}.Release|Any CPU.ActiveCfg = Release|Any CPU
		{532F892B-3FFB-486A-A86A-87FA1F51797F}.Release|Any CPU.Build.0 = Release|Any CPU
		{B3660A4D-2433-4A5C-A336-10840661B315}.Debug|Any CPU.ActiveCfg = Debug|Any CPU
		{B3660A4D-2433-4A5C-A336-10840661B315}.Debug|Any CPU.Build.0 = Debug|Any CPU
		{B3660A4D-2433-4A5C-A336-10840661B315}.Release|Any CPU.ActiveCfg = Release|Any CPU
		{B3660A4D-2433-4A5C-A336-10840661B315}.Release|Any CPU.Build.0 = Release|Any CPU
		{405A32C7-77CA-42BF-8039-CE5866BEA801}.Debug|Any CPU.ActiveCfg = Debug|Any CPU
		{405A32C7-77CA-42BF-8039-CE5866BEA801}.Debug|Any CPU.Build.0 = Debug|Any CPU
		{405A32C7-77CA-42BF-8039-CE5866BEA801}.Release|Any CPU.ActiveCfg = Release|Any CPU
		{405A32C7-77CA-42BF-8039-CE5866BEA801}.Release|Any CPU.Build.0 = Release|Any CPU
		{E84F9F9B-5296-4D5E-AEF1-0F919E447025}.Debug|Any CPU.ActiveCfg = Debug|Any CPU
		{E84F9F9B-5296-4D5E-AEF1-0F919E447025}.Debug|Any CPU.Build.0 = Debug|Any CPU
		{E84F9F9B-5296-4D5E-AEF1-0F919E447025}.Release|Any CPU.ActiveCfg = Release|Any CPU
		{E84F9F9B-5296-4D5E-AEF1-0F919E447025}.Release|Any CPU.Build.0 = Release|Any CPU
		{D10C15F6-7C63-4BCD-8C83-F12D59B1762C}.Debug|Any CPU.ActiveCfg = Debug|Any CPU
		{D10C15F6-7C63-4BCD-8C83-F12D59B1762C}.Debug|Any CPU.Build.0 = Debug|Any CPU
		{D10C15F6-7C63-4BCD-8C83-F12D59B1762C}.Release|Any CPU.ActiveCfg = Release|Any CPU
		{D10C15F6-7C63-4BCD-8C83-F12D59B1762C}.Release|Any CPU.Build.0 = Release|Any CPU
		{153125A7-A733-44BC-AA5C-501C7A44F870}.Debug|Any CPU.ActiveCfg = Debug|Any CPU
		{153125A7-A733-44BC-AA5C-501C7A44F870}.Debug|Any CPU.Build.0 = Debug|Any CPU
		{153125A7-A733-44BC-AA5C-501C7A44F870}.Release|Any CPU.ActiveCfg = Release|Any CPU
		{153125A7-A733-44BC-AA5C-501C7A44F870}.Release|Any CPU.Build.0 = Release|Any CPU
		{AF9D49FD-FB44-461C-AC92-069F53FFA871}.Debug|Any CPU.ActiveCfg = Debug|Any CPU
		{AF9D49FD-FB44-461C-AC92-069F53FFA871}.Debug|Any CPU.Build.0 = Debug|Any CPU
		{AF9D49FD-FB44-461C-AC92-069F53FFA871}.Release|Any CPU.ActiveCfg = Release|Any CPU
		{AF9D49FD-FB44-461C-AC92-069F53FFA871}.Release|Any CPU.Build.0 = Release|Any CPU
		{4EE6F140-E689-449E-8418-B52217ADE529}.Debug|Any CPU.ActiveCfg = Debug|Any CPU
		{4EE6F140-E689-449E-8418-B52217ADE529}.Debug|Any CPU.Build.0 = Debug|Any CPU
		{4EE6F140-E689-449E-8418-B52217ADE529}.Release|Any CPU.ActiveCfg = Release|Any CPU
		{4EE6F140-E689-449E-8418-B52217ADE529}.Release|Any CPU.Build.0 = Release|Any CPU
		{7747D9E4-B9E0-4D41-9807-F4278AC60FFF}.Debug|Any CPU.ActiveCfg = Debug|Any CPU
		{7747D9E4-B9E0-4D41-9807-F4278AC60FFF}.Debug|Any CPU.Build.0 = Debug|Any CPU
		{7747D9E4-B9E0-4D41-9807-F4278AC60FFF}.Release|Any CPU.ActiveCfg = Release|Any CPU
		{7747D9E4-B9E0-4D41-9807-F4278AC60FFF}.Release|Any CPU.Build.0 = Release|Any CPU
	EndGlobalSection
	GlobalSection(SolutionProperties) = preSolution
		HideSolutionNode = FALSE
	EndGlobalSection
	GlobalSection(ExtensibilityGlobals) = postSolution
		SolutionGuid = {B7871869-7C69-49FF-AF88-A167F025B407}
	EndGlobalSection
EndGlobal
